// !$*UTF8*$!
{
	archiveVersion = 1;
	classes = {
	};
	objectVersion = 77;
	objects = {

/* Begin PBXBuildFile section */
		A0ACB3E12E793C09000E3B64 /* RealmSwift in Frameworks */ = {isa = PBXBuildFile; productRef = A0ACB3E02E793C09000E3B64 /* RealmSwift */; };
		A0B29AA82E7916F200B9189D /* WebKit.framework in Frameworks */ = {isa = PBXBuildFile; fileRef = A0B29AA72E7916F200B9189D /* WebKit.framework */; };
		A0B29AAA2E7916FE00B9189D /* SwiftUI.framework in Frameworks */ = {isa = PBXBuildFile; fileRef = A0B29AA92E7916FE00B9189D /* SwiftUI.framework */; };
		A0C36E692E793DF20008F936 /* netfox in Frameworks */ = {isa = PBXBuildFile; productRef = A0C36E682E793DF20008F936 /* netfox */; };
		A0DEFAB22E780F7A002AC3A3 /* RIBs in Frameworks */ = {isa = PBXBuildFile; productRef = A0DEFAB12E780F7A002AC3A3 /* RIBs */; };
		A0DEFAB82E780F9B002AC3A3 /* Alamofire in Frameworks */ = {isa = PBXBuildFile; productRef = A0DEFAB72E780F9B002AC3A3 /* Alamofire */; };
		A0DEFABE2E781296002AC3A3 /* Moya in Frameworks */ = {isa = PBXBuildFile; productRef = A0DEFABD2E781296002AC3A3 /* Moya */; };
		A0DEFAC02E781296002AC3A3 /* ReactiveMoya in Frameworks */ = {isa = PBXBuildFile; productRef = A0DEFABF2E781296002AC3A3 /* ReactiveMoya */; };
		A0DEFAC22E781296002AC3A3 /* RxMoya in Frameworks */ = {isa = PBXBuildFile; productRef = A0DEFAC12E781296002AC3A3 /* RxMoya */; };
		A0DEFAC52E781426002AC3A3 /* Nuke in Frameworks */ = {isa = PBXBuildFile; productRef = A0DEFAC42E781426002AC3A3 /* Nuke */; };
		A0DEFAC72E781426002AC3A3 /* NukeExtensions in Frameworks */ = {isa = PBXBuildFile; productRef = A0DEFAC62E781426002AC3A3 /* NukeExtensions */; };
		A0DEFAC92E781426002AC3A3 /* NukeUI in Frameworks */ = {isa = PBXBuildFile; productRef = A0DEFAC82E781426002AC3A3 /* NukeUI */; };
		A0DEFACB2E781426002AC3A3 /* NukeVideo in Frameworks */ = {isa = PBXBuildFile; productRef = A0DEFACA2E781426002AC3A3 /* NukeVideo */; };
		A0DEFACE2E781466002AC3A3 /* MBProgressHUD in Frameworks */ = {isa = PBXBuildFile; productRef = A0DEFACD2E781466002AC3A3 /* MBProgressHUD */; };
		A0DEFAD12E78148E002AC3A3 /* RxBlocking in Frameworks */ = {isa = PBXBuildFile; productRef = A0DEFAD02E78148E002AC3A3 /* RxBlocking */; };
		A0DEFAD32E78148E002AC3A3 /* RxCocoa in Frameworks */ = {isa = PBXBuildFile; productRef = A0DEFAD22E78148E002AC3A3 /* RxCocoa */; };
		A0DEFAD52E78148E002AC3A3 /* RxRelay in Frameworks */ = {isa = PBXBuildFile; productRef = A0DEFAD42E78148E002AC3A3 /* RxRelay */; };
		A0DEFAD72E78148E002AC3A3 /* RxSwift in Frameworks */ = {isa = PBXBuildFile; productRef = A0DEFAD62E78148E002AC3A3 /* RxSwift */; };
		A0DEFAD92E78148E002AC3A3 /* RxTest in Frameworks */ = {isa = PBXBuildFile; productRef = A0DEFAD82E78148E002AC3A3 /* RxTest */; };
/* End PBXBuildFile section */

/* Begin PBXContainerItemProxy section */
		A0DEFA932E780ED5002AC3A3 /* PBXContainerItemProxy */ = {
			isa = PBXContainerItemProxy;
			containerPortal = A0DEFA742E780ED3002AC3A3 /* Project object */;
			proxyType = 1;
			remoteGlobalIDString = A0DEFA7B2E780ED3002AC3A3;
			remoteInfo = "PokeAPI-RIBs-SwiftUI";
		};
		A0DEFA9D2E780ED5002AC3A3 /* PBXContainerItemProxy */ = {
			isa = PBXContainerItemProxy;
			containerPortal = A0DEFA742E780ED3002AC3A3 /* Project object */;
			proxyType = 1;
			remoteGlobalIDString = A0DEFA7B2E780ED3002AC3A3;
			remoteInfo = "PokeAPI-RIBs-SwiftUI";
		};
/* End PBXContainerItemProxy section */

/* Begin PBXCopyFilesBuildPhase section */
		A0ACB3D72E79390A000E3B64 /* Embed Frameworks */ = {
			isa = PBXCopyFilesBuildPhase;
			buildActionMask = 2147483647;
			dstPath = "";
			dstSubfolderSpec = 10;
			files = (
			);
			name = "Embed Frameworks";
			runOnlyForDeploymentPostprocessing = 0;
		};
/* End PBXCopyFilesBuildPhase section */

/* Begin PBXFileReference section */
		A0B29AA72E7916F200B9189D /* WebKit.framework */ = {isa = PBXFileReference; lastKnownFileType = wrapper.framework; name = WebKit.framework; path = System/Library/Frameworks/WebKit.framework; sourceTree = SDKROOT; };
		A0B29AA92E7916FE00B9189D /* SwiftUI.framework */ = {isa = PBXFileReference; lastKnownFileType = wrapper.framework; name = SwiftUI.framework; path = System/Library/Frameworks/SwiftUI.framework; sourceTree = SDKROOT; };
		A0DEFA7C2E780ED3002AC3A3 /* PokeAPI-RIBs-SwiftUI.app */ = {isa = PBXFileReference; explicitFileType = wrapper.application; includeInIndex = 0; path = "PokeAPI-RIBs-SwiftUI.app"; sourceTree = BUILT_PRODUCTS_DIR; };
		A0DEFA922E780ED5002AC3A3 /* PokeAPI-RIBs-SwiftUITests.xctest */ = {isa = PBXFileReference; explicitFileType = wrapper.cfbundle; includeInIndex = 0; path = "PokeAPI-RIBs-SwiftUITests.xctest"; sourceTree = BUILT_PRODUCTS_DIR; };
		A0DEFA9C2E780ED5002AC3A3 /* PokeAPI-RIBs-SwiftUIUITests.xctest */ = {isa = PBXFileReference; explicitFileType = wrapper.cfbundle; includeInIndex = 0; path = "PokeAPI-RIBs-SwiftUIUITests.xctest"; sourceTree = BUILT_PRODUCTS_DIR; };
/* End PBXFileReference section */

/* Begin PBXFileSystemSynchronizedBuildFileExceptionSet section */
		A0DEFAA42E780ED5002AC3A3 /* Exceptions for "PokeAPI-RIBs-SwiftUI" folder in "PokeAPI-RIBs-SwiftUI" target */ = {
			isa = PBXFileSystemSynchronizedBuildFileExceptionSet;
			membershipExceptions = (
				Info.plist,
			);
			target = A0DEFA7B2E780ED3002AC3A3 /* PokeAPI-RIBs-SwiftUI */;
		};
/* End PBXFileSystemSynchronizedBuildFileExceptionSet section */

/* Begin PBXFileSystemSynchronizedRootGroup section */
		A0DEFA7E2E780ED3002AC3A3 /* PokeAPI-RIBs-SwiftUI */ = {
			isa = PBXFileSystemSynchronizedRootGroup;
			exceptions = (
				A0DEFAA42E780ED5002AC3A3 /* Exceptions for "PokeAPI-RIBs-SwiftUI" folder in "PokeAPI-RIBs-SwiftUI" target */,
			);
			path = "PokeAPI-RIBs-SwiftUI";
			sourceTree = "<group>";
		};
		A0DEFA952E780ED5002AC3A3 /* PokeAPI-RIBs-SwiftUITests */ = {
			isa = PBXFileSystemSynchronizedRootGroup;
			path = "PokeAPI-RIBs-SwiftUITests";
			sourceTree = "<group>";
		};
		A0DEFA9F2E780ED5002AC3A3 /* PokeAPI-RIBs-SwiftUIUITests */ = {
			isa = PBXFileSystemSynchronizedRootGroup;
			path = "PokeAPI-RIBs-SwiftUIUITests";
			sourceTree = "<group>";
		};
/* End PBXFileSystemSynchronizedRootGroup section */

/* Begin PBXFrameworksBuildPhase section */
		A0DEFA792E780ED3002AC3A3 /* Frameworks */ = {
			isa = PBXFrameworksBuildPhase;
			buildActionMask = 2147483647;
			files = (
				A0C36E692E793DF20008F936 /* netfox in Frameworks */,
				A0DEFAB82E780F9B002AC3A3 /* Alamofire in Frameworks */,
				A0DEFAB22E780F7A002AC3A3 /* RIBs in Frameworks */,
				A0DEFAD52E78148E002AC3A3 /* RxRelay in Frameworks */,
				A0DEFAD32E78148E002AC3A3 /* RxCocoa in Frameworks */,
				A0B29AA82E7916F200B9189D /* WebKit.framework in Frameworks */,
				A0DEFABE2E781296002AC3A3 /* Moya in Frameworks */,
				A0DEFAC22E781296002AC3A3 /* RxMoya in Frameworks */,
				A0B29AAA2E7916FE00B9189D /* SwiftUI.framework in Frameworks */,
				A0ACB3E12E793C09000E3B64 /* RealmSwift in Frameworks */,
				A0DEFAC92E781426002AC3A3 /* NukeUI in Frameworks */,
				A0DEFACE2E781466002AC3A3 /* MBProgressHUD in Frameworks */,
				A0DEFAC02E781296002AC3A3 /* ReactiveMoya in Frameworks */,
				A0DEFAC52E781426002AC3A3 /* Nuke in Frameworks */,
				A0DEFAD72E78148E002AC3A3 /* RxSwift in Frameworks */,
				A0DEFACB2E781426002AC3A3 /* NukeVideo in Frameworks */,
				A0DEFAC72E781426002AC3A3 /* NukeExtensions in Frameworks */,
			);
			runOnlyForDeploymentPostprocessing = 0;
		};
		A0DEFA8F2E780ED5002AC3A3 /* Frameworks */ = {
			isa = PBXFrameworksBuildPhase;
			buildActionMask = 2147483647;
			files = (
				A0DEFAD92E78148E002AC3A3 /* RxTest in Frameworks */,
				A0DEFAD12E78148E002AC3A3 /* RxBlocking in Frameworks */,
			);
			runOnlyForDeploymentPostprocessing = 0;
		};
		A0DEFA992E780ED5002AC3A3 /* Frameworks */ = {
			isa = PBXFrameworksBuildPhase;
			buildActionMask = 2147483647;
			files = (
			);
			runOnlyForDeploymentPostprocessing = 0;
		};
/* End PBXFrameworksBuildPhase section */

/* Begin PBXGroup section */
		A0B29AA62E7916F100B9189D /* Frameworks */ = {
			isa = PBXGroup;
			children = (
				A0B29AA92E7916FE00B9189D /* SwiftUI.framework */,
				A0B29AA72E7916F200B9189D /* WebKit.framework */,
			);
			name = Frameworks;
			sourceTree = "<group>";
		};
		A0DEFA732E780ED3002AC3A3 = {
			isa = PBXGroup;
			children = (
				A0DEFA7E2E780ED3002AC3A3 /* PokeAPI-RIBs-SwiftUI */,
				A0DEFA952E780ED5002AC3A3 /* PokeAPI-RIBs-SwiftUITests */,
				A0DEFA9F2E780ED5002AC3A3 /* PokeAPI-RIBs-SwiftUIUITests */,
				A0B29AA62E7916F100B9189D /* Frameworks */,
				A0DEFA7D2E780ED3002AC3A3 /* Products */,
			);
			sourceTree = "<group>";
		};
		A0DEFA7D2E780ED3002AC3A3 /* Products */ = {
			isa = PBXGroup;
			children = (
				A0DEFA7C2E780ED3002AC3A3 /* PokeAPI-RIBs-SwiftUI.app */,
				A0DEFA922E780ED5002AC3A3 /* PokeAPI-RIBs-SwiftUITests.xctest */,
				A0DEFA9C2E780ED5002AC3A3 /* PokeAPI-RIBs-SwiftUIUITests.xctest */,
			);
			name = Products;
			sourceTree = "<group>";
		};
/* End PBXGroup section */

/* Begin PBXNativeTarget section */
		A0DEFA7B2E780ED3002AC3A3 /* PokeAPI-RIBs-SwiftUI */ = {
			isa = PBXNativeTarget;
			buildConfigurationList = A0DEFAA52E780ED5002AC3A3 /* Build configuration list for PBXNativeTarget "PokeAPI-RIBs-SwiftUI" */;
			buildPhases = (
				A0DEFA782E780ED3002AC3A3 /* Sources */,
				A0DEFA792E780ED3002AC3A3 /* Frameworks */,
				A0DEFA7A2E780ED3002AC3A3 /* Resources */,
				A0ACB3D72E79390A000E3B64 /* Embed Frameworks */,
			);
			buildRules = (
			);
			dependencies = (
			);
			fileSystemSynchronizedGroups = (
				A0DEFA7E2E780ED3002AC3A3 /* PokeAPI-RIBs-SwiftUI */,
			);
			name = "PokeAPI-RIBs-SwiftUI";
			packageProductDependencies = (
				A0DEFAB12E780F7A002AC3A3 /* RIBs */,
				A0DEFAB72E780F9B002AC3A3 /* Alamofire */,
				A0DEFABD2E781296002AC3A3 /* Moya */,
				A0DEFABF2E781296002AC3A3 /* ReactiveMoya */,
				A0DEFAC12E781296002AC3A3 /* RxMoya */,
				A0DEFAC42E781426002AC3A3 /* Nuke */,
				A0DEFAC62E781426002AC3A3 /* NukeExtensions */,
				A0DEFAC82E781426002AC3A3 /* NukeUI */,
				A0DEFACA2E781426002AC3A3 /* NukeVideo */,
				A0DEFACD2E781466002AC3A3 /* MBProgressHUD */,
				A0DEFAD22E78148E002AC3A3 /* RxCocoa */,
				A0DEFAD42E78148E002AC3A3 /* RxRelay */,
				A0DEFAD62E78148E002AC3A3 /* RxSwift */,
				A0ACB3E02E793C09000E3B64 /* RealmSwift */,
				A0C36E682E793DF20008F936 /* netfox */,
			);
			productName = "PokeAPI-RIBs-SwiftUI";
			productReference = A0DEFA7C2E780ED3002AC3A3 /* PokeAPI-RIBs-SwiftUI.app */;
			productType = "com.apple.product-type.application";
		};
		A0DEFA912E780ED5002AC3A3 /* PokeAPI-RIBs-SwiftUITests */ = {
			isa = PBXNativeTarget;
			buildConfigurationList = A0DEFAAA2E780ED5002AC3A3 /* Build configuration list for PBXNativeTarget "PokeAPI-RIBs-SwiftUITests" */;
			buildPhases = (
				A0DEFA8E2E780ED5002AC3A3 /* Sources */,
				A0DEFA8F2E780ED5002AC3A3 /* Frameworks */,
				A0DEFA902E780ED5002AC3A3 /* Resources */,
			);
			buildRules = (
			);
			dependencies = (
				A0DEFA942E780ED5002AC3A3 /* PBXTargetDependency */,
			);
			fileSystemSynchronizedGroups = (
				A0DEFA952E780ED5002AC3A3 /* PokeAPI-RIBs-SwiftUITests */,
			);
			name = "PokeAPI-RIBs-SwiftUITests";
			packageProductDependencies = (
				A0DEFAD02E78148E002AC3A3 /* RxBlocking */,
				A0DEFAD82E78148E002AC3A3 /* RxTest */,
			);
			productName = "PokeAPI-RIBs-SwiftUITests";
			productReference = A0DEFA922E780ED5002AC3A3 /* PokeAPI-RIBs-SwiftUITests.xctest */;
			productType = "com.apple.product-type.bundle.unit-test";
		};
		A0DEFA9B2E780ED5002AC3A3 /* PokeAPI-RIBs-SwiftUIUITests */ = {
			isa = PBXNativeTarget;
			buildConfigurationList = A0DEFAAD2E780ED5002AC3A3 /* Build configuration list for PBXNativeTarget "PokeAPI-RIBs-SwiftUIUITests" */;
			buildPhases = (
				A0DEFA982E780ED5002AC3A3 /* Sources */,
				A0DEFA992E780ED5002AC3A3 /* Frameworks */,
				A0DEFA9A2E780ED5002AC3A3 /* Resources */,
			);
			buildRules = (
			);
			dependencies = (
				A0DEFA9E2E780ED5002AC3A3 /* PBXTargetDependency */,
			);
			fileSystemSynchronizedGroups = (
				A0DEFA9F2E780ED5002AC3A3 /* PokeAPI-RIBs-SwiftUIUITests */,
			);
			name = "PokeAPI-RIBs-SwiftUIUITests";
			packageProductDependencies = (
			);
			productName = "PokeAPI-RIBs-SwiftUIUITests";
			productReference = A0DEFA9C2E780ED5002AC3A3 /* PokeAPI-RIBs-SwiftUIUITests.xctest */;
			productType = "com.apple.product-type.bundle.ui-testing";
		};
/* End PBXNativeTarget section */

/* Begin PBXProject section */
		A0DEFA742E780ED3002AC3A3 /* Project object */ = {
			isa = PBXProject;
			attributes = {
				BuildIndependentTargetsInParallel = 1;
				LastSwiftUpdateCheck = 1620;
				LastUpgradeCheck = 1620;
				TargetAttributes = {
					A0DEFA7B2E780ED3002AC3A3 = {
						CreatedOnToolsVersion = 16.2;
					};
					A0DEFA912E780ED5002AC3A3 = {
						CreatedOnToolsVersion = 16.2;
						TestTargetID = A0DEFA7B2E780ED3002AC3A3;
					};
					A0DEFA9B2E780ED5002AC3A3 = {
						CreatedOnToolsVersion = 16.2;
						TestTargetID = A0DEFA7B2E780ED3002AC3A3;
					};
				};
			};
			buildConfigurationList = A0DEFA772E780ED3002AC3A3 /* Build configuration list for PBXProject "PokeAPI-RIBs-SwiftUI" */;
			developmentRegion = en;
			hasScannedForEncodings = 0;
			knownRegions = (
				en,
				Base,
			);
			mainGroup = A0DEFA732E780ED3002AC3A3;
			minimizedProjectReferenceProxies = 1;
			packageReferences = (
				A0DEFAB02E780F7A002AC3A3 /* XCRemoteSwiftPackageReference "RIBs-iOS" */,
				A0DEFAB62E780F9B002AC3A3 /* XCRemoteSwiftPackageReference "Alamofire" */,
				A0DEFABC2E781296002AC3A3 /* XCRemoteSwiftPackageReference "Moya" */,
				A0DEFAC32E781426002AC3A3 /* XCRemoteSwiftPackageReference "Nuke" */,
				A0DEFACC2E781466002AC3A3 /* XCRemoteSwiftPackageReference "MBProgressHUD" */,
				A0DEFACF2E78148E002AC3A3 /* XCRemoteSwiftPackageReference "RxSwift" */,
				A0ACB3DD2E793C09000E3B64 /* XCRemoteSwiftPackageReference "realm-swift" */,
				A0C36E672E793DF20008F936 /* XCRemoteSwiftPackageReference "netfox" */,
			);
			preferredProjectObjectVersion = 77;
			productRefGroup = A0DEFA7D2E780ED3002AC3A3 /* Products */;
			projectDirPath = "";
			projectRoot = "";
			targets = (
				A0DEFA7B2E780ED3002AC3A3 /* PokeAPI-RIBs-SwiftUI */,
				A0DEFA912E780ED5002AC3A3 /* PokeAPI-RIBs-SwiftUITests */,
				A0DEFA9B2E780ED5002AC3A3 /* PokeAPI-RIBs-SwiftUIUITests */,
			);
		};
/* End PBXProject section */

/* Begin PBXResourcesBuildPhase section */
		A0DEFA7A2E780ED3002AC3A3 /* Resources */ = {
			isa = PBXResourcesBuildPhase;
			buildActionMask = 2147483647;
			files = (
			);
			runOnlyForDeploymentPostprocessing = 0;
		};
		A0DEFA902E780ED5002AC3A3 /* Resources */ = {
			isa = PBXResourcesBuildPhase;
			buildActionMask = 2147483647;
			files = (
			);
			runOnlyForDeploymentPostprocessing = 0;
		};
		A0DEFA9A2E780ED5002AC3A3 /* Resources */ = {
			isa = PBXResourcesBuildPhase;
			buildActionMask = 2147483647;
			files = (
			);
			runOnlyForDeploymentPostprocessing = 0;
		};
/* End PBXResourcesBuildPhase section */

/* Begin PBXSourcesBuildPhase section */
		A0DEFA782E780ED3002AC3A3 /* Sources */ = {
			isa = PBXSourcesBuildPhase;
			buildActionMask = 2147483647;
			files = (
			);
			runOnlyForDeploymentPostprocessing = 0;
		};
		A0DEFA8E2E780ED5002AC3A3 /* Sources */ = {
			isa = PBXSourcesBuildPhase;
			buildActionMask = 2147483647;
			files = (
			);
			runOnlyForDeploymentPostprocessing = 0;
		};
		A0DEFA982E780ED5002AC3A3 /* Sources */ = {
			isa = PBXSourcesBuildPhase;
			buildActionMask = 2147483647;
			files = (
			);
			runOnlyForDeploymentPostprocessing = 0;
		};
/* End PBXSourcesBuildPhase section */

/* Begin PBXTargetDependency section */
		A0DEFA942E780ED5002AC3A3 /* PBXTargetDependency */ = {
			isa = PBXTargetDependency;
			target = A0DEFA7B2E780ED3002AC3A3 /* PokeAPI-RIBs-SwiftUI */;
			targetProxy = A0DEFA932E780ED5002AC3A3 /* PBXContainerItemProxy */;
		};
		A0DEFA9E2E780ED5002AC3A3 /* PBXTargetDependency */ = {
			isa = PBXTargetDependency;
			target = A0DEFA7B2E780ED3002AC3A3 /* PokeAPI-RIBs-SwiftUI */;
			targetProxy = A0DEFA9D2E780ED5002AC3A3 /* PBXContainerItemProxy */;
		};
/* End PBXTargetDependency section */

/* Begin XCBuildConfiguration section */
		A0DEFAA62E780ED5002AC3A3 /* Debug */ = {
			isa = XCBuildConfiguration;
			buildSettings = {
				ASSETCATALOG_COMPILER_APPICON_NAME = AppIcon;
				ASSETCATALOG_COMPILER_GLOBAL_ACCENT_COLOR_NAME = AccentColor;
				CODE_SIGN_STYLE = Automatic;
				CURRENT_PROJECT_VERSION = 1;
				GENERATE_INFOPLIST_FILE = YES;
				INFOPLIST_FILE = "PokeAPI-RIBs-SwiftUI/Info.plist";
				INFOPLIST_KEY_UIApplicationSupportsIndirectInputEvents = YES;
				INFOPLIST_KEY_UILaunchStoryboardName = LaunchScreen;
				INFOPLIST_KEY_UIMainStoryboardFile = Main;
				INFOPLIST_KEY_UISupportedInterfaceOrientations_iPad = "UIInterfaceOrientationPortrait UIInterfaceOrientationPortraitUpsideDown UIInterfaceOrientationLandscapeLeft UIInterfaceOrientationLandscapeRight";
				INFOPLIST_KEY_UISupportedInterfaceOrientations_iPhone = "UIInterfaceOrientationPortrait UIInterfaceOrientationLandscapeLeft UIInterfaceOrientationLandscapeRight";
				IPHONEOS_DEPLOYMENT_TARGET = 15.0;
				LD_RUNPATH_SEARCH_PATHS = (
					"$(inherited)",
					"@executable_path/Frameworks",
				);
				MARKETING_VERSION = 1.0;
				PRODUCT_BUNDLE_IDENTIFIER = "AppWork.PokeAPI-RIBs-SwiftUI";
				PRODUCT_NAME = "$(TARGET_NAME)";
				SUPPORTED_PLATFORMS = "iphoneos iphonesimulator";
				SUPPORTS_MACCATALYST = NO;
				SUPPORTS_MAC_DESIGNED_FOR_IPHONE_IPAD = NO;
				SUPPORTS_XR_DESIGNED_FOR_IPHONE_IPAD = NO;
				SWIFT_EMIT_LOC_STRINGS = YES;
				SWIFT_VERSION = 5.0;
				TARGETED_DEVICE_FAMILY = "1,2";
			};
			name = Debug;
		};
		A0DEFAA72E780ED5002AC3A3 /* Release */ = {
			isa = XCBuildConfiguration;
			buildSettings = {
				ASSETCATALOG_COMPILER_APPICON_NAME = AppIcon;
				ASSETCATALOG_COMPILER_GLOBAL_ACCENT_COLOR_NAME = AccentColor;
				CODE_SIGN_STYLE = Automatic;
				CURRENT_PROJECT_VERSION = 1;
				GENERATE_INFOPLIST_FILE = YES;
				INFOPLIST_FILE = "PokeAPI-RIBs-SwiftUI/Info.plist";
				INFOPLIST_KEY_UIApplicationSupportsIndirectInputEvents = YES;
				INFOPLIST_KEY_UILaunchStoryboardName = LaunchScreen;
				INFOPLIST_KEY_UIMainStoryboardFile = Main;
				INFOPLIST_KEY_UISupportedInterfaceOrientations_iPad = "UIInterfaceOrientationPortrait UIInterfaceOrientationPortraitUpsideDown UIInterfaceOrientationLandscapeLeft UIInterfaceOrientationLandscapeRight";
				INFOPLIST_KEY_UISupportedInterfaceOrientations_iPhone = "UIInterfaceOrientationPortrait UIInterfaceOrientationLandscapeLeft UIInterfaceOrientationLandscapeRight";
				IPHONEOS_DEPLOYMENT_TARGET = 15.0;
				LD_RUNPATH_SEARCH_PATHS = (
					"$(inherited)",
					"@executable_path/Frameworks",
				);
				MARKETING_VERSION = 1.0;
				PRODUCT_BUNDLE_IDENTIFIER = "AppWork.PokeAPI-RIBs-SwiftUI";
				PRODUCT_NAME = "$(TARGET_NAME)";
				SUPPORTED_PLATFORMS = "iphoneos iphonesimulator";
				SUPPORTS_MACCATALYST = NO;
				SUPPORTS_MAC_DESIGNED_FOR_IPHONE_IPAD = NO;
				SUPPORTS_XR_DESIGNED_FOR_IPHONE_IPAD = NO;
				SWIFT_EMIT_LOC_STRINGS = YES;
				SWIFT_VERSION = 5.0;
				TARGETED_DEVICE_FAMILY = "1,2";
			};
			name = Release;
		};
		A0DEFAA82E780ED5002AC3A3 /* Debug */ = {
			isa = XCBuildConfiguration;
			buildSettings = {
				ALWAYS_SEARCH_USER_PATHS = NO;
				ASSETCATALOG_COMPILER_GENERATE_SWIFT_ASSET_SYMBOL_EXTENSIONS = YES;
				CLANG_ANALYZER_NONNULL = YES;
				CLANG_ANALYZER_NUMBER_OBJECT_CONVERSION = YES_AGGRESSIVE;
				CLANG_CXX_LANGUAGE_STANDARD = "gnu++20";
				CLANG_ENABLE_MODULES = YES;
				CLANG_ENABLE_OBJC_ARC = YES;
				CLANG_ENABLE_OBJC_WEAK = YES;
				CLANG_WARN_BLOCK_CAPTURE_AUTORELEASING = YES;
				CLANG_WARN_BOOL_CONVERSION = YES;
				CLANG_WARN_COMMA = YES;
				CLANG_WARN_CONSTANT_CONVERSION = YES;
				CLANG_WARN_DEPRECATED_OBJC_IMPLEMENTATIONS = YES;
				CLANG_WARN_DIRECT_OBJC_ISA_USAGE = YES_ERROR;
				CLANG_WARN_DOCUMENTATION_COMMENTS = YES;
				CLANG_WARN_EMPTY_BODY = YES;
				CLANG_WARN_ENUM_CONVERSION = YES;
				CLANG_WARN_INFINITE_RECURSION = YES;
				CLANG_WARN_INT_CONVERSION = YES;
				CLANG_WARN_NON_LITERAL_NULL_CONVERSION = YES;
				CLANG_WARN_OBJC_IMPLICIT_RETAIN_SELF = YES;
				CLANG_WARN_OBJC_LITERAL_CONVERSION = YES;
				CLANG_WARN_OBJC_ROOT_CLASS = YES_ERROR;
				CLANG_WARN_QUOTED_INCLUDE_IN_FRAMEWORK_HEADER = YES;
				CLANG_WARN_RANGE_LOOP_ANALYSIS = YES;
				CLANG_WARN_STRICT_PROTOTYPES = YES;
				CLANG_WARN_SUSPICIOUS_MOVE = YES;
				CLANG_WARN_UNGUARDED_AVAILABILITY = YES_AGGRESSIVE;
				CLANG_WARN_UNREACHABLE_CODE = YES;
				CLANG_WARN__DUPLICATE_METHOD_MATCH = YES;
				COPY_PHASE_STRIP = NO;
				DEBUG_INFORMATION_FORMAT = dwarf;
				ENABLE_STRICT_OBJC_MSGSEND = YES;
				ENABLE_TESTABILITY = YES;
				ENABLE_USER_SCRIPT_SANDBOXING = YES;
				GCC_C_LANGUAGE_STANDARD = gnu17;
				GCC_DYNAMIC_NO_PIC = NO;
				GCC_NO_COMMON_BLOCKS = YES;
				GCC_OPTIMIZATION_LEVEL = 0;
				GCC_PREPROCESSOR_DEFINITIONS = (
					"DEBUG=1",
					"$(inherited)",
				);
				GCC_WARN_64_TO_32_BIT_CONVERSION = YES;
				GCC_WARN_ABOUT_RETURN_TYPE = YES_ERROR;
				GCC_WARN_UNDECLARED_SELECTOR = YES;
				GCC_WARN_UNINITIALIZED_AUTOS = YES_AGGRESSIVE;
				GCC_WARN_UNUSED_FUNCTION = YES;
				GCC_WARN_UNUSED_VARIABLE = YES;
				IPHONEOS_DEPLOYMENT_TARGET = 18.2;
				LOCALIZATION_PREFERS_STRING_CATALOGS = YES;
				MTL_ENABLE_DEBUG_INFO = INCLUDE_SOURCE;
				MTL_FAST_MATH = YES;
				ONLY_ACTIVE_ARCH = YES;
				SDKROOT = iphoneos;
				SWIFT_ACTIVE_COMPILATION_CONDITIONS = "DEBUG $(inherited)";
				SWIFT_OPTIMIZATION_LEVEL = "-Onone";
			};
			name = Debug;
		};
		A0DEFAA92E780ED5002AC3A3 /* Release */ = {
			isa = XCBuildConfiguration;
			buildSettings = {
				ALWAYS_SEARCH_USER_PATHS = NO;
				ASSETCATALOG_COMPILER_GENERATE_SWIFT_ASSET_SYMBOL_EXTENSIONS = YES;
				CLANG_ANALYZER_NONNULL = YES;
				CLANG_ANALYZER_NUMBER_OBJECT_CONVERSION = YES_AGGRESSIVE;
				CLANG_CXX_LANGUAGE_STANDARD = "gnu++20";
				CLANG_ENABLE_MODULES = YES;
				CLANG_ENABLE_OBJC_ARC = YES;
				CLANG_ENABLE_OBJC_WEAK = YES;
				CLANG_WARN_BLOCK_CAPTURE_AUTORELEASING = YES;
				CLANG_WARN_BOOL_CONVERSION = YES;
				CLANG_WARN_COMMA = YES;
				CLANG_WARN_CONSTANT_CONVERSION = YES;
				CLANG_WARN_DEPRECATED_OBJC_IMPLEMENTATIONS = YES;
				CLANG_WARN_DIRECT_OBJC_ISA_USAGE = YES_ERROR;
				CLANG_WARN_DOCUMENTATION_COMMENTS = YES;
				CLANG_WARN_EMPTY_BODY = YES;
				CLANG_WARN_ENUM_CONVERSION = YES;
				CLANG_WARN_INFINITE_RECURSION = YES;
				CLANG_WARN_INT_CONVERSION = YES;
				CLANG_WARN_NON_LITERAL_NULL_CONVERSION = YES;
				CLANG_WARN_OBJC_IMPLICIT_RETAIN_SELF = YES;
				CLANG_WARN_OBJC_LITERAL_CONVERSION = YES;
				CLANG_WARN_OBJC_ROOT_CLASS = YES_ERROR;
				CLANG_WARN_QUOTED_INCLUDE_IN_FRAMEWORK_HEADER = YES;
				CLANG_WARN_RANGE_LOOP_ANALYSIS = YES;
				CLANG_WARN_STRICT_PROTOTYPES = YES;
				CLANG_WARN_SUSPICIOUS_MOVE = YES;
				CLANG_WARN_UNGUARDED_AVAILABILITY = YES_AGGRESSIVE;
				CLANG_WARN_UNREACHABLE_CODE = YES;
				CLANG_WARN__DUPLICATE_METHOD_MATCH = YES;
				COPY_PHASE_STRIP = NO;
				DEBUG_INFORMATION_FORMAT = "dwarf-with-dsym";
				ENABLE_NS_ASSERTIONS = NO;
				ENABLE_STRICT_OBJC_MSGSEND = YES;
				ENABLE_USER_SCRIPT_SANDBOXING = YES;
				GCC_C_LANGUAGE_STANDARD = gnu17;
				GCC_NO_COMMON_BLOCKS = YES;
				GCC_WARN_64_TO_32_BIT_CONVERSION = YES;
				GCC_WARN_ABOUT_RETURN_TYPE = YES_ERROR;
				GCC_WARN_UNDECLARED_SELECTOR = YES;
				GCC_WARN_UNINITIALIZED_AUTOS = YES_AGGRESSIVE;
				GCC_WARN_UNUSED_FUNCTION = YES;
				GCC_WARN_UNUSED_VARIABLE = YES;
				IPHONEOS_DEPLOYMENT_TARGET = 18.2;
				LOCALIZATION_PREFERS_STRING_CATALOGS = YES;
				MTL_ENABLE_DEBUG_INFO = NO;
				MTL_FAST_MATH = YES;
				SDKROOT = iphoneos;
				SWIFT_COMPILATION_MODE = wholemodule;
				VALIDATE_PRODUCT = YES;
			};
			name = Release;
		};
		A0DEFAAB2E780ED5002AC3A3 /* Debug */ = {
			isa = XCBuildConfiguration;
			buildSettings = {
				BUNDLE_LOADER = "$(TEST_HOST)";
				CODE_SIGN_STYLE = Automatic;
				CURRENT_PROJECT_VERSION = 1;
				GENERATE_INFOPLIST_FILE = YES;
				IPHONEOS_DEPLOYMENT_TARGET = 18.2;
				MARKETING_VERSION = 1.0;
				PRODUCT_BUNDLE_IDENTIFIER = "AppWork.PokeAPI-RIBs-SwiftUITests";
				PRODUCT_NAME = "$(TARGET_NAME)";
				SWIFT_EMIT_LOC_STRINGS = NO;
				SWIFT_VERSION = 5.0;
				TARGETED_DEVICE_FAMILY = "1,2";
				TEST_HOST = "$(BUILT_PRODUCTS_DIR)/PokeAPI-RIBs-SwiftUI.app/$(BUNDLE_EXECUTABLE_FOLDER_PATH)/PokeAPI-RIBs-SwiftUI";
			};
			name = Debug;
		};
		A0DEFAAC2E780ED5002AC3A3 /* Release */ = {
			isa = XCBuildConfiguration;
			buildSettings = {
				BUNDLE_LOADER = "$(TEST_HOST)";
				CODE_SIGN_STYLE = Automatic;
				CURRENT_PROJECT_VERSION = 1;
				GENERATE_INFOPLIST_FILE = YES;
				IPHONEOS_DEPLOYMENT_TARGET = 18.2;
				MARKETING_VERSION = 1.0;
				PRODUCT_BUNDLE_IDENTIFIER = "AppWork.PokeAPI-RIBs-SwiftUITests";
				PRODUCT_NAME = "$(TARGET_NAME)";
				SWIFT_EMIT_LOC_STRINGS = NO;
				SWIFT_VERSION = 5.0;
				TARGETED_DEVICE_FAMILY = "1,2";
				TEST_HOST = "$(BUILT_PRODUCTS_DIR)/PokeAPI-RIBs-SwiftUI.app/$(BUNDLE_EXECUTABLE_FOLDER_PATH)/PokeAPI-RIBs-SwiftUI";
			};
			name = Release;
		};
		A0DEFAAE2E780ED5002AC3A3 /* Debug */ = {
			isa = XCBuildConfiguration;
			buildSettings = {
				CODE_SIGN_STYLE = Automatic;
				CURRENT_PROJECT_VERSION = 1;
				GENERATE_INFOPLIST_FILE = YES;
				MARKETING_VERSION = 1.0;
				PRODUCT_BUNDLE_IDENTIFIER = "AppWork.PokeAPI-RIBs-SwiftUIUITests";
				PRODUCT_NAME = "$(TARGET_NAME)";
				SWIFT_EMIT_LOC_STRINGS = NO;
				SWIFT_VERSION = 5.0;
				TARGETED_DEVICE_FAMILY = "1,2";
				TEST_TARGET_NAME = "PokeAPI-RIBs-SwiftUI";
			};
			name = Debug;
		};
		A0DEFAAF2E780ED5002AC3A3 /* Release */ = {
			isa = XCBuildConfiguration;
			buildSettings = {
				CODE_SIGN_STYLE = Automatic;
				CURRENT_PROJECT_VERSION = 1;
				GENERATE_INFOPLIST_FILE = YES;
				MARKETING_VERSION = 1.0;
				PRODUCT_BUNDLE_IDENTIFIER = "AppWork.PokeAPI-RIBs-SwiftUIUITests";
				PRODUCT_NAME = "$(TARGET_NAME)";
				SWIFT_EMIT_LOC_STRINGS = NO;
				SWIFT_VERSION = 5.0;
				TARGETED_DEVICE_FAMILY = "1,2";
				TEST_TARGET_NAME = "PokeAPI-RIBs-SwiftUI";
			};
			name = Release;
		};
/* End XCBuildConfiguration section */

/* Begin XCConfigurationList section */
		A0DEFA772E780ED3002AC3A3 /* Build configuration list for PBXProject "PokeAPI-RIBs-SwiftUI" */ = {
			isa = XCConfigurationList;
			buildConfigurations = (
				A0DEFAA82E780ED5002AC3A3 /* Debug */,
				A0DEFAA92E780ED5002AC3A3 /* Release */,
			);
			defaultConfigurationIsVisible = 0;
			defaultConfigurationName = Release;
		};
		A0DEFAA52E780ED5002AC3A3 /* Build configuration list for PBXNativeTarget "PokeAPI-RIBs-SwiftUI" */ = {
			isa = XCConfigurationList;
			buildConfigurations = (
				A0DEFAA62E780ED5002AC3A3 /* Debug */,
				A0DEFAA72E780ED5002AC3A3 /* Release */,
			);
			defaultConfigurationIsVisible = 0;
			defaultConfigurationName = Release;
		};
		A0DEFAAA2E780ED5002AC3A3 /* Build configuration list for PBXNativeTarget "PokeAPI-RIBs-SwiftUITests" */ = {
			isa = XCConfigurationList;
			buildConfigurations = (
				A0DEFAAB2E780ED5002AC3A3 /* Debug */,
				A0DEFAAC2E780ED5002AC3A3 /* Release */,
			);
			defaultConfigurationIsVisible = 0;
			defaultConfigurationName = Release;
		};
		A0DEFAAD2E780ED5002AC3A3 /* Build configuration list for PBXNativeTarget "PokeAPI-RIBs-SwiftUIUITests" */ = {
			isa = XCConfigurationList;
			buildConfigurations = (
				A0DEFAAE2E780ED5002AC3A3 /* Debug */,
				A0DEFAAF2E780ED5002AC3A3 /* Release */,
			);
			defaultConfigurationIsVisible = 0;
			defaultConfigurationName = Release;
		};
/* End XCConfigurationList section */

/* Begin XCRemoteSwiftPackageReference section */
		A0ACB3DD2E793C09000E3B64 /* XCRemoteSwiftPackageReference "realm-swift" */ = {
			isa = XCRemoteSwiftPackageReference;
			repositoryURL = "https://github.com/realm/realm-swift.git";
			requirement = {
				branch = master;
				kind = branch;
			};
		};
		A0C36E672E793DF20008F936 /* XCRemoteSwiftPackageReference "netfox" */ = {
			isa = XCRemoteSwiftPackageReference;
			repositoryURL = "https://github.com/kasketis/netfox.git";
			requirement = {
				kind = upToNextMajorVersion;
				minimumVersion = 1.21.0;
			};
		};
		A0DEFAB02E780F7A002AC3A3 /* XCRemoteSwiftPackageReference "RIBs-iOS" */ = {
			isa = XCRemoteSwiftPackageReference;
			repositoryURL = "https://github.com/uber/RIBs-iOS.git";
			requirement = {
				kind = upToNextMajorVersion;
				minimumVersion = 1.0.0;
			};
		};
		A0DEFAB62E780F9B002AC3A3 /* XCRemoteSwiftPackageReference "Alamofire" */ = {
			isa = XCRemoteSwiftPackageReference;
			repositoryURL = "https://github.com/Alamofire/Alamofire.git";
			requirement = {
				kind = upToNextMajorVersion;
				minimumVersion = 5.10.2;
			};
		};
		A0DEFABC2E781296002AC3A3 /* XCRemoteSwiftPackageReference "Moya" */ = {
			isa = XCRemoteSwiftPackageReference;
			repositoryURL = "https://github.com/Moya/Moya.git";
			requirement = {
				kind = upToNextMajorVersion;
				minimumVersion = 15.0.3;
			};
		};
		A0DEFAC32E781426002AC3A3 /* XCRemoteSwiftPackageReference "Nuke" */ = {
			isa = XCRemoteSwiftPackageReference;
			repositoryURL = "https://github.com/kean/Nuke.git";
			requirement = {
				kind = upToNextMajorVersion;
				minimumVersion = 12.8.0;
			};
		};
		A0DEFACC2E781466002AC3A3 /* XCRemoteSwiftPackageReference "MBProgressHUD" */ = {
			isa = XCRemoteSwiftPackageReference;
			repositoryURL = "https://github.com/jdg/MBProgressHUD.git";
			requirement = {
				kind = upToNextMajorVersion;
				minimumVersion = 1.2.0;
			};
		};
		A0DEFACF2E78148E002AC3A3 /* XCRemoteSwiftPackageReference "RxSwift" */ = {
			isa = XCRemoteSwiftPackageReference;
			repositoryURL = "https://github.com/ReactiveX/RxSwift.git";
			requirement = {
				kind = upToNextMajorVersion;
				minimumVersion = 6.9.0;
			};
		};
/* End XCRemoteSwiftPackageReference section */

/* Begin XCSwiftPackageProductDependency section */
		A0ACB3E02E793C09000E3B64 /* RealmSwift */ = {
			isa = XCSwiftPackageProductDependency;
			package = A0ACB3DD2E793C09000E3B64 /* XCRemoteSwiftPackageReference "realm-swift" */;
			productName = RealmSwift;
		};
		A0C36E682E793DF20008F936 /* netfox */ = {
			isa = XCSwiftPackageProductDependency;
			package = A0C36E672E793DF20008F936 /* XCRemoteSwiftPackageReference "netfox" */;
			productName = netfox;
		};
		A0DEFAB12E780F7A002AC3A3 /* RIBs */ = {
			isa = XCSwiftPackageProductDependency;
			package = A0DEFAB02E780F7A002AC3A3 /* XCRemoteSwiftPackageReference "RIBs-iOS" */;
			productName = RIBs;
		};
		A0DEFAB72E780F9B002AC3A3 /* Alamofire */ = {
			isa = XCSwiftPackageProductDependency;
			package = A0DEFAB62E780F9B002AC3A3 /* XCRemoteSwiftPackageReference "Alamofire" */;
			productName = Alamofire;
		};
		A0DEFABD2E781296002AC3A3 /* Moya */ = {
			isa = XCSwiftPackageProductDependency;
			package = A0DEFABC2E781296002AC3A3 /* XCRemoteSwiftPackageReference "Moya" */;
			productName = Moya;
		};
		A0DEFABF2E781296002AC3A3 /* ReactiveMoya */ = {
			isa = XCSwiftPackageProductDependency;
			package = A0DEFABC2E781296002AC3A3 /* XCRemoteSwiftPackageReference "Moya" */;
			productName = ReactiveMoya;
		};
		A0DEFAC12E781296002AC3A3 /* RxMoya */ = {
			isa = XCSwiftPackageProductDependency;
			package = A0DEFABC2E781296002AC3A3 /* XCRemoteSwiftPackageReference "Moya" */;
			productName = RxMoya;
		};
		A0DEFAC42E781426002AC3A3 /* Nuke */ = {
			isa = XCSwiftPackageProductDependency;
			package = A0DEFAC32E781426002AC3A3 /* XCRemoteSwiftPackageReference "Nuke" */;
			productName = Nuke;
		};
		A0DEFAC62E781426002AC3A3 /* NukeExtensions */ = {
			isa = XCSwiftPackageProductDependency;
			package = A0DEFAC32E781426002AC3A3 /* XCRemoteSwiftPackageReference "Nuke" */;
			productName = NukeExtensions;
		};
		A0DEFAC82E781426002AC3A3 /* NukeUI */ = {
			isa = XCSwiftPackageProductDependency;
			package = A0DEFAC32E781426002AC3A3 /* XCRemoteSwiftPackageReference "Nuke" */;
			productName = NukeUI;
		};
		A0DEFACA2E781426002AC3A3 /* NukeVideo */ = {
			isa = XCSwiftPackageProductDependency;
			package = A0DEFAC32E781426002AC3A3 /* XCRemoteSwiftPackageReference "Nuke" */;
			productName = NukeVideo;
		};
		A0DEFACD2E781466002AC3A3 /* MBProgressHUD */ = {
			isa = XCSwiftPackageProductDependency;
			package = A0DEFACC2E781466002AC3A3 /* XCRemoteSwiftPackageReference "MBProgressHUD" */;
			productName = MBProgressHUD;
		};
		A0DEFAD02E78148E002AC3A3 /* RxBlocking */ = {
			isa = XCSwiftPackageProductDependency;
			package = A0DEFACF2E78148E002AC3A3 /* XCRemoteSwiftPackageReference "RxSwift" */;
			productName = RxBlocking;
		};
		A0DEFAD22E78148E002AC3A3 /* RxCocoa */ = {
			isa = XCSwiftPackageProductDependency;
			package = A0DEFACF2E78148E002AC3A3 /* XCRemoteSwiftPackageReference "RxSwift" */;
			productName = RxCocoa;
		};
		A0DEFAD42E78148E002AC3A3 /* RxRelay */ = {
			isa = XCSwiftPackageProductDependency;
			package = A0DEFACF2E78148E002AC3A3 /* XCRemoteSwiftPackageReference "RxSwift" */;
			productName = RxRelay;
		};
		A0DEFAD62E78148E002AC3A3 /* RxSwift */ = {
			isa = XCSwiftPackageProductDependency;
			package = A0DEFACF2E78148E002AC3A3 /* XCRemoteSwiftPackageReference "RxSwift" */;
			productName = RxSwift;
		};
		A0DEFAD82E78148E002AC3A3 /* RxTest */ = {
			isa = XCSwiftPackageProductDependency;
			package = A0DEFACF2E78148E002AC3A3 /* XCRemoteSwiftPackageReference "RxSwift" */;
			productName = RxTest;
		};
/* End XCSwiftPackageProductDependency section */
	};
	rootObject = A0DEFA742E780ED3002AC3A3 /* Project object */;
}
